
Microsoft Visual Studio Solution File, Format Version 12.00
# Visual Studio Version 16
VisualStudioVersion = 16.0.31005.135
MinimumVisualStudioVersion = 10.0.40219.1
Project("{FAE04EC0-301F-11D3-BF4B-00C04F79EFBC}") = "Ejercicio3", "Ejercicio3\Ejercicio3.csproj", "{FB71D29E-5262-4A4C-91CF-5A911AB1CBE9}"
EndProject
Global
	GlobalSection(SolutionConfigurationPlatforms) = preSolution
		Debug|Any CPU = Debug|Any CPU
		Release|Any CPU = Release|Any CPU
	EndGlobalSection
	GlobalSection(ProjectConfigurationPlatforms) = postSolution
		{FB71D29E-5262-4A4C-91CF-5A911AB1CBE9}.Debug|Any CPU.ActiveCfg = Debug|Any CPU
		{FB71D29E-5262-4A4C-91CF-5A911AB1CBE9}.Debug|Any CPU.Build.0 = Debug|Any CPU
		{FB71D29E-5262-4A4C-91CF-5A911AB1CBE9}.Release|Any CPU.ActiveCfg = Release|Any CPU
		{FB71D29E-5262-4A4C-91CF-5A911AB1CBE9}.Release|Any CPU.Build.0 = Release|Any CPU
	EndGlobalSection
	GlobalSection(SolutionProperties) = preSolution
		HideSolutionNode = FALSE
	EndGlobalSection
	GlobalSection(ExtensibilityGlobals) = postSolution
		SolutionGuid = {B0D1EA8D-3CDD-416D-9500-7EFCE45227A3}
	EndGlobalSection
EndGlobal
